// !$*UTF8*$!
{
	archiveVersion = 1;
	classes = {
	};
	objectVersion = 50;
	objects = {

/* Begin PBXBuildFile section */
		4878DB6F2785CD3A00018B39 /* AppDelegate.swift in Sources */ = {isa = PBXBuildFile; fileRef = 4878DB6E2785CD3A00018B39 /* AppDelegate.swift */; };
		4878DB732785CD3A00018B39 /* ViewController.swift in Sources */ = {isa = PBXBuildFile; fileRef = 4878DB722785CD3A00018B39 /* ViewController.swift */; };
		4878DB762785CD3A00018B39 /* Main.storyboard in Resources */ = {isa = PBXBuildFile; fileRef = 4878DB742785CD3A00018B39 /* Main.storyboard */; };
		4878DB782785CD4200018B39 /* Assets.xcassets in Resources */ = {isa = PBXBuildFile; fileRef = 4878DB772785CD4200018B39 /* Assets.xcassets */; };
		4878DB7B2785CD4200018B39 /* LaunchScreen.storyboard in Resources */ = {isa = PBXBuildFile; fileRef = 4878DB792785CD4200018B39 /* LaunchScreen.storyboard */; };
		4878DB882785D03100018B39 /* CustomView.xib in Resources */ = {isa = PBXBuildFile; fileRef = 4878DB872785D03100018B39 /* CustomView.xib */; };
		4878DB8A2785D04100018B39 /* CustomView.swift in Sources */ = {isa = PBXBuildFile; fileRef = 4878DB892785D04100018B39 /* CustomView.swift */; };
		9AA8822227881D2800259091 /* SimpleAddition.swift in Sources */ = {isa = PBXBuildFile; fileRef = 9AA8822127881D2800259091 /* SimpleAddition.swift */; };
		9AA8823727881ED800259091 /* SimpleAdditonTests.swift in Sources */ = {isa = PBXBuildFile; fileRef = 9AA8823627881ED800259091 /* SimpleAdditonTests.swift */; };
/* End PBXBuildFile section */

/* Begin PBXContainerItemProxy section */
		9AA8822E27881E8800259091 /* PBXContainerItemProxy */ = {
			isa = PBXContainerItemProxy;
			containerPortal = 4878DB632785CD3900018B39 /* Project object */;
			proxyType = 1;
			remoteGlobalIDString = 4878DB6A2785CD3900018B39;
			remoteInfo = VeservDemo;
		};
/* End PBXContainerItemProxy section */

/* Begin PBXFileReference section */
		4878DB6B2785CD3900018B39 /* VeservDemo.app */ = {isa = PBXFileReference; explicitFileType = wrapper.application; includeInIndex = 0; path = VeservDemo.app; sourceTree = BUILT_PRODUCTS_DIR; };
		4878DB6E2785CD3A00018B39 /* AppDelegate.swift */ = {isa = PBXFileReference; lastKnownFileType = sourcecode.swift; path = AppDelegate.swift; sourceTree = "<group>"; };
		4878DB722785CD3A00018B39 /* ViewController.swift */ = {isa = PBXFileReference; lastKnownFileType = sourcecode.swift; path = ViewController.swift; sourceTree = "<group>"; };
		4878DB752785CD3A00018B39 /* Base */ = {isa = PBXFileReference; lastKnownFileType = file.storyboard; name = Base; path = Base.lproj/Main.storyboard; sourceTree = "<group>"; };
		4878DB772785CD4200018B39 /* Assets.xcassets */ = {isa = PBXFileReference; lastKnownFileType = folder.assetcatalog; path = Assets.xcassets; sourceTree = "<group>"; };
		4878DB7A2785CD4200018B39 /* Base */ = {isa = PBXFileReference; lastKnownFileType = file.storyboard; name = Base; path = Base.lproj/LaunchScreen.storyboard; sourceTree = "<group>"; };
		4878DB7C2785CD4200018B39 /* Info.plist */ = {isa = PBXFileReference; lastKnownFileType = text.plist.xml; path = Info.plist; sourceTree = "<group>"; };
		4878DB872785D03100018B39 /* CustomView.xib */ = {isa = PBXFileReference; lastKnownFileType = file.xib; path = CustomView.xib; sourceTree = "<group>"; };
		4878DB892785D04100018B39 /* CustomView.swift */ = {isa = PBXFileReference; lastKnownFileType = sourcecode.swift; path = CustomView.swift; sourceTree = "<group>"; };
		9AA8822127881D2800259091 /* SimpleAddition.swift */ = {isa = PBXFileReference; lastKnownFileType = sourcecode.swift; path = SimpleAddition.swift; sourceTree = "<group>"; };
		9AA8822A27881E8800259091 /* VeservDemoTests.xctest */ = {isa = PBXFileReference; explicitFileType = wrapper.cfbundle; includeInIndex = 0; path = VeservDemoTests.xctest; sourceTree = BUILT_PRODUCTS_DIR; };
		9AA8823527881ED700259091 /* VeservDemoTests-Bridging-Header.h */ = {isa = PBXFileReference; lastKnownFileType = sourcecode.c.h; path = "VeservDemoTests-Bridging-Header.h"; sourceTree = "<group>"; };
		9AA8823627881ED800259091 /* SimpleAdditonTests.swift */ = {isa = PBXFileReference; lastKnownFileType = sourcecode.swift; path = SimpleAdditonTests.swift; sourceTree = "<group>"; };
/* End PBXFileReference section */

/* Begin PBXFrameworksBuildPhase section */
		4878DB682785CD3900018B39 /* Frameworks */ = {
			isa = PBXFrameworksBuildPhase;
			buildActionMask = 2147483647;
			files = (
			);
			runOnlyForDeploymentPostprocessing = 0;
		};
		9AA8822727881E8800259091 /* Frameworks */ = {
			isa = PBXFrameworksBuildPhase;
			buildActionMask = 2147483647;
			files = (
			);
			runOnlyForDeploymentPostprocessing = 0;
		};
/* End PBXFrameworksBuildPhase section */

/* Begin PBXGroup section */
		4878DB622785CD3900018B39 = {
			isa = PBXGroup;
			children = (
				4878DB6D2785CD3900018B39 /* VeservDemo */,
				9AA8822B27881E8800259091 /* VeservDemoTests */,
				4878DB6C2785CD3900018B39 /* Products */,
			);
			sourceTree = "<group>";
		};
		4878DB6C2785CD3900018B39 /* Products */ = {
			isa = PBXGroup;
			children = (
				4878DB6B2785CD3900018B39 /* VeservDemo.app */,
				9AA8822A27881E8800259091 /* VeservDemoTests.xctest */,
			);
			name = Products;
			sourceTree = "<group>";
		};
		4878DB6D2785CD3900018B39 /* VeservDemo */ = {
			isa = PBXGroup;
			children = (
				4878DB822785CF0A00018B39 /* Custom Framework */,
				4878DB6E2785CD3A00018B39 /* AppDelegate.swift */,
				4878DB722785CD3A00018B39 /* ViewController.swift */,
				4878DB742785CD3A00018B39 /* Main.storyboard */,
				4878DB772785CD4200018B39 /* Assets.xcassets */,
				4878DB792785CD4200018B39 /* LaunchScreen.storyboard */,
				4878DB7C2785CD4200018B39 /* Info.plist */,
				9AA8822127881D2800259091 /* SimpleAddition.swift */,
			);
			path = VeservDemo;
			sourceTree = "<group>";
		};
		4878DB822785CF0A00018B39 /* Custom Framework */ = {
			isa = PBXGroup;
			children = (
				4878DB872785D03100018B39 /* CustomView.xib */,
				4878DB892785D04100018B39 /* CustomView.swift */,
			);
			path = "Custom Framework";
			sourceTree = "<group>";
		};
		9AA8822B27881E8800259091 /* VeservDemoTests */ = {
			isa = PBXGroup;
			children = (
				9AA8823627881ED800259091 /* SimpleAdditonTests.swift */,
				9AA8823527881ED700259091 /* VeservDemoTests-Bridging-Header.h */,
			);
			path = VeservDemoTests;
			sourceTree = "<group>";
		};
/* End PBXGroup section */

/* Begin PBXNativeTarget section */
		4878DB6A2785CD3900018B39 /* VeservDemo */ = {
			isa = PBXNativeTarget;
			buildConfigurationList = 4878DB7F2785CD4200018B39 /* Build configuration list for PBXNativeTarget "VeservDemo" */;
			buildPhases = (
				4878DB672785CD3900018B39 /* Sources */,
				4878DB682785CD3900018B39 /* Frameworks */,
				4878DB692785CD3900018B39 /* Resources */,
			);
			buildRules = (
			);
			dependencies = (
			);
			name = VeservDemo;
			productName = VeservDemo;
			productReference = 4878DB6B2785CD3900018B39 /* VeservDemo.app */;
			productType = "com.apple.product-type.application";
		};
		9AA8822927881E8800259091 /* VeservDemoTests */ = {
			isa = PBXNativeTarget;
			buildConfigurationList = 9AA8823027881E8800259091 /* Build configuration list for PBXNativeTarget "VeservDemoTests" */;
			buildPhases = (
				9AA8822627881E8800259091 /* Sources */,
				9AA8822727881E8800259091 /* Frameworks */,
				9AA8822827881E8800259091 /* Resources */,
			);
			buildRules = (
			);
			dependencies = (
				9AA8822F27881E8800259091 /* PBXTargetDependency */,
			);
			name = VeservDemoTests;
			productName = VeservDemoTests;
			productReference = 9AA8822A27881E8800259091 /* VeservDemoTests.xctest */;
			productType = "com.apple.product-type.bundle.unit-test";
		};
/* End PBXNativeTarget section */

/* Begin PBXProject section */
		4878DB632785CD3900018B39 /* Project object */ = {
			isa = PBXProject;
			attributes = {
				LastSwiftUpdateCheck = 1320;
				LastUpgradeCheck = 1250;
				TargetAttributes = {
					4878DB6A2785CD3900018B39 = {
						CreatedOnToolsVersion = 12.5;
					};
					9AA8822927881E8800259091 = {
						CreatedOnToolsVersion = 13.2.1;
						LastSwiftMigration = 1320;
						TestTargetID = 4878DB6A2785CD3900018B39;
					};
				};
			};
			buildConfigurationList = 4878DB662785CD3900018B39 /* Build configuration list for PBXProject "VeservDemo" */;
			compatibilityVersion = "Xcode 9.3";
			developmentRegion = en;
			hasScannedForEncodings = 0;
			knownRegions = (
				en,
				Base,
			);
			mainGroup = 4878DB622785CD3900018B39;
			productRefGroup = 4878DB6C2785CD3900018B39 /* Products */;
			projectDirPath = "";
			projectRoot = "";
			targets = (
				4878DB6A2785CD3900018B39 /* VeservDemo */,
				9AA8822927881E8800259091 /* VeservDemoTests */,
			);
		};
/* End PBXProject section */

/* Begin PBXResourcesBuildPhase section */
		4878DB692785CD3900018B39 /* Resources */ = {
			isa = PBXResourcesBuildPhase;
			buildActionMask = 2147483647;
			files = (
				4878DB7B2785CD4200018B39 /* LaunchScreen.storyboard in Resources */,
				4878DB882785D03100018B39 /* CustomView.xib in Resources */,
				4878DB782785CD4200018B39 /* Assets.xcassets in Resources */,
				4878DB762785CD3A00018B39 /* Main.storyboard in Resources */,
			);
			runOnlyForDeploymentPostprocessing = 0;
		};
		9AA8822827881E8800259091 /* Resources */ = {
			isa = PBXResourcesBuildPhase;
			buildActionMask = 2147483647;
			files = (
			);
			runOnlyForDeploymentPostprocessing = 0;
		};
/* End PBXResourcesBuildPhase section */

/* Begin PBXSourcesBuildPhase section */
		4878DB672785CD3900018B39 /* Sources */ = {
			isa = PBXSourcesBuildPhase;
			buildActionMask = 2147483647;
			files = (
				4878DB8A2785D04100018B39 /* CustomView.swift in Sources */,
				9AA8822227881D2800259091 /* SimpleAddition.swift in Sources */,
				4878DB732785CD3A00018B39 /* ViewController.swift in Sources */,
				4878DB6F2785CD3A00018B39 /* AppDelegate.swift in Sources */,
			);
			runOnlyForDeploymentPostprocessing = 0;
		};
		9AA8822627881E8800259091 /* Sources */ = {
			isa = PBXSourcesBuildPhase;
			buildActionMask = 2147483647;
			files = (
				9AA8823727881ED800259091 /* SimpleAdditonTests.swift in Sources */,
			);
			runOnlyForDeploymentPostprocessing = 0;
		};
/* End PBXSourcesBuildPhase section */

/* Begin PBXTargetDependency section */
		9AA8822F27881E8800259091 /* PBXTargetDependency */ = {
			isa = PBXTargetDependency;
			target = 4878DB6A2785CD3900018B39 /* VeservDemo */;
			targetProxy = 9AA8822E27881E8800259091 /* PBXContainerItemProxy */;
		};
/* End PBXTargetDependency section */

/* Begin PBXVariantGroup section */
		4878DB742785CD3A00018B39 /* Main.storyboard */ = {
			isa = PBXVariantGroup;
			children = (
				4878DB752785CD3A00018B39 /* Base */,
			);
			name = Main.storyboard;
			sourceTree = "<group>";
		};
		4878DB792785CD4200018B39 /* LaunchScreen.storyboard */ = {
			isa = PBXVariantGroup;
			children = (
				4878DB7A2785CD4200018B39 /* Base */,
			);
			name = LaunchScreen.storyboard;
			sourceTree = "<group>";
		};
/* End PBXVariantGroup section */

/* Begin XCBuildConfiguration section */
		4878DB7D2785CD4200018B39 /* Debug */ = {
			isa = XCBuildConfiguration;
			buildSettings = {
				ALWAYS_SEARCH_USER_PATHS = NO;
				CLANG_ANALYZER_NONNULL = YES;
				CLANG_ANALYZER_NUMBER_OBJECT_CONVERSION = YES_AGGRESSIVE;
				CLANG_CXX_LANGUAGE_STANDARD = "gnu++14";
				CLANG_CXX_LIBRARY = "libc++";
				CLANG_ENABLE_MODULES = YES;
				CLANG_ENABLE_OBJC_ARC = YES;
				CLANG_ENABLE_OBJC_WEAK = YES;
				CLANG_WARN_BLOCK_CAPTURE_AUTORELEASING = YES;
				CLANG_WARN_BOOL_CONVERSION = YES;
				CLANG_WARN_COMMA = YES;
				CLANG_WARN_CONSTANT_CONVERSION = YES;
				CLANG_WARN_DEPRECATED_OBJC_IMPLEMENTATIONS = YES;
				CLANG_WARN_DIRECT_OBJC_ISA_USAGE = YES_ERROR;
				CLANG_WARN_DOCUMENTATION_COMMENTS = YES;
				CLANG_WARN_EMPTY_BODY = YES;
				CLANG_WARN_ENUM_CONVERSION = YES;
				CLANG_WARN_INFINITE_RECURSION = YES;
				CLANG_WARN_INT_CONVERSION = YES;
				CLANG_WARN_NON_LITERAL_NULL_CONVERSION = YES;
				CLANG_WARN_OBJC_IMPLICIT_RETAIN_SELF = YES;
				CLANG_WARN_OBJC_LITERAL_CONVERSION = YES;
				CLANG_WARN_OBJC_ROOT_CLASS = YES_ERROR;
				CLANG_WARN_QUOTED_INCLUDE_IN_FRAMEWORK_HEADER = YES;
				CLANG_WARN_RANGE_LOOP_ANALYSIS = YES;
				CLANG_WARN_STRICT_PROTOTYPES = YES;
				CLANG_WARN_SUSPICIOUS_MOVE = YES;
				CLANG_WARN_UNGUARDED_AVAILABILITY = YES_AGGRESSIVE;
				CLANG_WARN_UNREACHABLE_CODE = YES;
				CLANG_WARN__DUPLICATE_METHOD_MATCH = YES;
				COPY_PHASE_STRIP = NO;
				DEBUG_INFORMATION_FORMAT = dwarf;
				ENABLE_STRICT_OBJC_MSGSEND = YES;
				ENABLE_TESTABILITY = YES;
				GCC_C_LANGUAGE_STANDARD = gnu11;
				GCC_DYNAMIC_NO_PIC = NO;
				GCC_NO_COMMON_BLOCKS = YES;
				GCC_OPTIMIZATION_LEVEL = 0;
				GCC_PREPROCESSOR_DEFINITIONS = (
					"DEBUG=1",
					"$(inherited)",
				);
				GCC_WARN_64_TO_32_BIT_CONVERSION = YES;
				GCC_WARN_ABOUT_RETURN_TYPE = YES_ERROR;
				GCC_WARN_UNDECLARED_SELECTOR = YES;
				GCC_WARN_UNINITIALIZED_AUTOS = YES_AGGRESSIVE;
				GCC_WARN_UNUSED_FUNCTION = YES;
				GCC_WARN_UNUSED_VARIABLE = YES;
				IPHONEOS_DEPLOYMENT_TARGET = 14.5;
				MTL_ENABLE_DEBUG_INFO = INCLUDE_SOURCE;
				MTL_FAST_MATH = YES;
				ONLY_ACTIVE_ARCH = YES;
				SDKROOT = iphoneos;
				SWIFT_ACTIVE_COMPILATION_CONDITIONS = DEBUG;
				SWIFT_OPTIMIZATION_LEVEL = "-Onone";
			};
			name = Debug;
		};
		4878DB7E2785CD4200018B39 /* Release */ = {
			isa = XCBuildConfiguration;
			buildSettings = {
				ALWAYS_SEARCH_USER_PATHS = NO;
				CLANG_ANALYZER_NONNULL = YES;
				CLANG_ANALYZER_NUMBER_OBJECT_CONVERSION = YES_AGGRESSIVE;
				CLANG_CXX_LANGUAGE_STANDARD = "gnu++14";
				CLANG_CXX_LIBRARY = "libc++";
				CLANG_ENABLE_MODULES = YES;
				CLANG_ENABLE_OBJC_ARC = YES;
				CLANG_ENABLE_OBJC_WEAK = YES;
				CLANG_WARN_BLOCK_CAPTURE_AUTORELEASING = YES;
				CLANG_WARN_BOOL_CONVERSION = YES;
				CLANG_WARN_COMMA = YES;
				CLANG_WARN_CONSTANT_CONVERSION = YES;
				CLANG_WARN_DEPRECATED_OBJC_IMPLEMENTATIONS = YES;
				CLANG_WARN_DIRECT_OBJC_ISA_USAGE = YES_ERROR;
				CLANG_WARN_DOCUMENTATION_COMMENTS = YES;
				CLANG_WARN_EMPTY_BODY = YES;
				CLANG_WARN_ENUM_CONVERSION = YES;
				CLANG_WARN_INFINITE_RECURSION = YES;
				CLANG_WARN_INT_CONVERSION = YES;
				CLANG_WARN_NON_LITERAL_NULL_CONVERSION = YES;
				CLANG_WARN_OBJC_IMPLICIT_RETAIN_SELF = YES;
				CLANG_WARN_OBJC_LITERAL_CONVERSION = YES;
				CLANG_WARN_OBJC_ROOT_CLASS = YES_ERROR;
				CLANG_WARN_QUOTED_INCLUDE_IN_FRAMEWORK_HEADER = YES;
				CLANG_WARN_RANGE_LOOP_ANALYSIS = YES;
				CLANG_WARN_STRICT_PROTOTYPES = YES;
				CLANG_WARN_SUSPICIOUS_MOVE = YES;
				CLANG_WARN_UNGUARDED_AVAILABILITY = YES_AGGRESSIVE;
				CLANG_WARN_UNREACHABLE_CODE = YES;
				CLANG_WARN__DUPLICATE_METHOD_MATCH = YES;
				COPY_PHASE_STRIP = NO;
				DEBUG_INFORMATION_FORMAT = "dwarf-with-dsym";
				ENABLE_NS_ASSERTIONS = NO;
				ENABLE_STRICT_OBJC_MSGSEND = YES;
				GCC_C_LANGUAGE_STANDARD = gnu11;
				GCC_NO_COMMON_BLOCKS = YES;
				GCC_WARN_64_TO_32_BIT_CONVERSION = YES;
				GCC_WARN_ABOUT_RETURN_TYPE = YES_ERROR;
				GCC_WARN_UNDECLARED_SELECTOR = YES;
				GCC_WARN_UNINITIALIZED_AUTOS = YES_AGGRESSIVE;
				GCC_WARN_UNUSED_FUNCTION = YES;
				GCC_WARN_UNUSED_VARIABLE = YES;
				IPHONEOS_DEPLOYMENT_TARGET = 14.5;
				MTL_ENABLE_DEBUG_INFO = NO;
				MTL_FAST_MATH = YES;
				SDKROOT = iphoneos;
				SWIFT_COMPILATION_MODE = wholemodule;
				SWIFT_OPTIMIZATION_LEVEL = "-O";
				VALIDATE_PRODUCT = YES;
			};
			name = Release;
		};
		4878DB802785CD4200018B39 /* Debug */ = {
			isa = XCBuildConfiguration;
			buildSettings = {
				ASSETCATALOG_COMPILER_APPICON_NAME = AppIcon;
				ASSETCATALOG_COMPILER_GLOBAL_ACCENT_COLOR_NAME = AccentColor;
				CODE_SIGN_STYLE = Automatic;
				DEVELOPMENT_TEAM = AV92ZNV2LR;
				INFOPLIST_FILE = VeservDemo/Info.plist;
				IPHONEOS_DEPLOYMENT_TARGET = 13.0;
				LD_RUNPATH_SEARCH_PATHS = (
					"$(inherited)",
					"@executable_path/Frameworks",
				);
				PRODUCT_BUNDLE_IDENTIFIER = com.vserv.VeservDemo;
				PRODUCT_NAME = "$(TARGET_NAME)";
				SWIFT_VERSION = 5.0;
				TARGETED_DEVICE_FAMILY = 1;
			};
			name = Debug;
		};
		4878DB812785CD4200018B39 /* Release */ = {
			isa = XCBuildConfiguration;
			buildSettings = {
				ASSETCATALOG_COMPILER_APPICON_NAME = AppIcon;
				ASSETCATALOG_COMPILER_GLOBAL_ACCENT_COLOR_NAME = AccentColor;
				CODE_SIGN_STYLE = Automatic;
				DEVELOPMENT_TEAM = AV92ZNV2LR;
				INFOPLIST_FILE = VeservDemo/Info.plist;
				IPHONEOS_DEPLOYMENT_TARGET = 13.0;
				LD_RUNPATH_SEARCH_PATHS = (
					"$(inherited)",
					"@executable_path/Frameworks",
				);
				PRODUCT_BUNDLE_IDENTIFIER = com.vserv.VeservDemo;
				PRODUCT_NAME = "$(TARGET_NAME)";
				SWIFT_VERSION = 5.0;
				TARGETED_DEVICE_FAMILY = 1;
			};
			name = Release;
		};
		9AA8823127881E8800259091 /* Debug */ = {
			isa = XCBuildConfiguration;
			buildSettings = {
				BUNDLE_LOADER = "$(TEST_HOST)";
				CLANG_CXX_LANGUAGE_STANDARD = "gnu++17";
				CLANG_ENABLE_MODULES = YES;
				CODE_SIGN_STYLE = Automatic;
				CURRENT_PROJECT_VERSION = 1;
				DEVELOPMENT_TEAM = UNJ6ZB598Z;
				GENERATE_INFOPLIST_FILE = YES;
				IPHONEOS_DEPLOYMENT_TARGET = 15.2;
				LD_RUNPATH_SEARCH_PATHS = (
					"$(inherited)",
					"@executable_path/Frameworks",
					"@loader_path/Frameworks",
				);
				MARKETING_VERSION = 1.0;
				PRODUCT_BUNDLE_IDENTIFIER = com.test.VeservDemoTests;
				PRODUCT_NAME = "$(TARGET_NAME)";
				SWIFT_EMIT_LOC_STRINGS = NO;
				SWIFT_OBJC_BRIDGING_HEADER = "VeservDemoTests/VeservDemoTests-Bridging-Header.h";
				SWIFT_OPTIMIZATION_LEVEL = "-Onone";
				SWIFT_VERSION = 5.0;
				TARGETED_DEVICE_FAMILY = "1,2";
				TEST_HOST = "$(BUILT_PRODUCTS_DIR)/VeservDemo.app/VeservDemo";
			};
			name = Debug;
		};
		9AA8823227881E8800259091 /* Release */ = {
			isa = XCBuildConfiguration;
			buildSettings = {
				BUNDLE_LOADER = "$(TEST_HOST)";
				CLANG_CXX_LANGUAGE_STANDARD = "gnu++17";
				CLANG_ENABLE_MODULES = YES;
				CODE_SIGN_STYLE = Automatic;
				CURRENT_PROJECT_VERSION = 1;
				DEVELOPMENT_TEAM = UNJ6ZB598Z;
				GENERATE_INFOPLIST_FILE = YES;
				IPHONEOS_DEPLOYMENT_TARGET = 15.2;
				LD_RUNPATH_SEARCH_PATHS = (
					"$(inherited)",
					"@executable_path/Frameworks",
					"@loader_path/Frameworks",
				);
				MARKETING_VERSION = 1.0;
				PRODUCT_BUNDLE_IDENTIFIER = com.test.VeservDemoTests;
				PRODUCT_NAME = "$(TARGET_NAME)";
				SWIFT_EMIT_LOC_STRINGS = NO;
				SWIFT_OBJC_BRIDGING_HEADER = "VeservDemoTests/VeservDemoTests-Bridging-Header.h";
				SWIFT_VERSION = 5.0;
				TARGETED_DEVICE_FAMILY = "1,2";
				TEST_HOST = "$(BUILT_PRODUCTS_DIR)/VeservDemo.app/VeservDemo";
			};
			name = Release;
		};
/* End XCBuildConfiguration section */

/* Begin XCConfigurationList section */
		4878DB662785CD3900018B39 /* Build configuration list for PBXProject "VeservDemo" */ = {
			isa = XCConfigurationList;
			buildConfigurations = (
				4878DB7D2785CD4200018B39 /* Debug */,
				4878DB7E2785CD4200018B39 /* Release */,
			);
			defaultConfigurationIsVisible = 0;
			defaultConfigurationName = Release;
		};
		4878DB7F2785CD4200018B39 /* Build configuration list for PBXNativeTarget "VeservDemo" */ = {
			isa = XCConfigurationList;
			buildConfigurations = (
				4878DB802785CD4200018B39 /* Debug */,
				4878DB812785CD4200018B39 /* Release */,
			);
			defaultConfigurationIsVisible = 0;
			defaultConfigurationName = Release;
		};
		9AA8823027881E8800259091 /* Build configuration list for PBXNativeTarget "VeservDemoTests" */ = {
			isa = XCConfigurationList;
			buildConfigurations = (
				9AA8823127881E8800259091 /* Debug */,
				9AA8823227881E8800259091 /* Release */,
			);
			defaultConfigurationIsVisible = 0;
			defaultConfigurationName = Release;
		};
/* End XCConfigurationList section */
	};
	rootObject = 4878DB632785CD3900018B39 /* Project object */;
}
